// !$*UTF8*$!
{
	archiveVersion = 1;
	classes = {
	};
	objectVersion = 48;
	objects = {

/* Begin PBXBuildFile section */
		2A1DD4DF1F389C2200712195 /* DeeplinkHandler.swift in Sources */ = {isa = PBXBuildFile; fileRef = 2A1DD4DE1F389C2200712195 /* DeeplinkHandler.swift */; };
		2A1DD4E11F389E2100712195 /* NotificationsHandler.swift in Sources */ = {isa = PBXBuildFile; fileRef = 2A1DD4E01F389E2100712195 /* NotificationsHandler.swift */; };
		2A1E77371F384BFC006C84D4 /* AppDelegate.swift in Sources */ = {isa = PBXBuildFile; fileRef = 2A1E77361F384BFC006C84D4 /* AppDelegate.swift */; };
		2A1E773E1F384BFD006C84D4 /* Assets.xcassets in Resources */ = {isa = PBXBuildFile; fileRef = 2A1E773D1F384BFD006C84D4 /* Assets.xcassets */; };
		2A9222821F38797600A648E6 /* ConfigurationManager.swift in Sources */ = {isa = PBXBuildFile; fileRef = 2A9222811F38797600A648E6 /* ConfigurationManager.swift */; };
		2ABEE6D41F38856A00531205 /* Configuration.plist in Resources */ = {isa = PBXBuildFile; fileRef = 2ABEE6D31F38828A00531205 /* Configuration.plist */; };
		2ABEE6D61F3886D700531205 /* RootRouter.swift in Sources */ = {isa = PBXBuildFile; fileRef = 2ABEE6D51F3886D700531205 /* RootRouter.swift */; };
		553FC23C214047CB001D9362 /* R.generated.swift in Sources */ = {isa = PBXBuildFile; fileRef = 553FC23B214047CB001D9362 /* R.generated.swift */; };
		5C29DE1D03EA04201E8A8E63 /* Pods_Accev.framework in Frameworks */ = {isa = PBXBuildFile; fileRef = 31D6977EED9407E908109CA9 /* Pods_Accev.framework */; };
		B1AC7B178912D16E03E82237 /* Pods_AccevTests.framework in Frameworks */ = {isa = PBXBuildFile; fileRef = 852CBD1164562073AC7B2A8E /* Pods_AccevTests.framework */; };
		C90395241FC622D2006F1DC0 /* main.swift in Sources */ = {isa = PBXBuildFile; fileRef = C90395231FC622D2006F1DC0 /* main.swift */; };
		C90395261FC62399006F1DC0 /* TestsAppDelegate.swift in Sources */ = {isa = PBXBuildFile; fileRef = C90395251FC62399006F1DC0 /* TestsAppDelegate.swift */; };
		C90395271FC62425006F1DC0 /* TestsAppDelegate.swift in Sources */ = {isa = PBXBuildFile; fileRef = C90395251FC62399006F1DC0 /* TestsAppDelegate.swift */; };
		F33D0562240DEB1F00F9D8E8 /* Colors.swift in Sources */ = {isa = PBXBuildFile; fileRef = F33D0561240DEB1F00F9D8E8 /* Colors.swift */; };
		F33D0564240DECDE00F9D8E8 /* UIColor+hex.swift in Sources */ = {isa = PBXBuildFile; fileRef = F33D0563240DECDE00F9D8E8 /* UIColor+hex.swift */; };
		F3DFEF05240F15110080DDC6 /* Lato-Light.ttf in Resources */ = {isa = PBXBuildFile; fileRef = F3DFEEFB240F15100080DDC6 /* Lato-Light.ttf */; };
		F3DFEF06240F15110080DDC6 /* Lato-BoldItalic.ttf in Resources */ = {isa = PBXBuildFile; fileRef = F3DFEEFC240F15110080DDC6 /* Lato-BoldItalic.ttf */; };
		F3DFEF07240F15110080DDC6 /* Lato-Black.ttf in Resources */ = {isa = PBXBuildFile; fileRef = F3DFEEFD240F15110080DDC6 /* Lato-Black.ttf */; };
		F3DFEF08240F15110080DDC6 /* Lato-LightItalic.ttf in Resources */ = {isa = PBXBuildFile; fileRef = F3DFEEFE240F15110080DDC6 /* Lato-LightItalic.ttf */; };
		F3DFEF09240F15110080DDC6 /* Lato-Italic.ttf in Resources */ = {isa = PBXBuildFile; fileRef = F3DFEEFF240F15110080DDC6 /* Lato-Italic.ttf */; };
		F3DFEF0A240F15110080DDC6 /* Lato-Regular.ttf in Resources */ = {isa = PBXBuildFile; fileRef = F3DFEF00240F15110080DDC6 /* Lato-Regular.ttf */; };
		F3DFEF0B240F15110080DDC6 /* Lato-Thin.ttf in Resources */ = {isa = PBXBuildFile; fileRef = F3DFEF01240F15110080DDC6 /* Lato-Thin.ttf */; };
		F3DFEF0C240F15110080DDC6 /* Lato-Bold.ttf in Resources */ = {isa = PBXBuildFile; fileRef = F3DFEF02240F15110080DDC6 /* Lato-Bold.ttf */; };
		F3DFEF0D240F15110080DDC6 /* Lato-ThinItalic.ttf in Resources */ = {isa = PBXBuildFile; fileRef = F3DFEF03240F15110080DDC6 /* Lato-ThinItalic.ttf */; };
		F3DFEF0E240F15110080DDC6 /* Lato-BlackItalic.ttf in Resources */ = {isa = PBXBuildFile; fileRef = F3DFEF04240F15110080DDC6 /* Lato-BlackItalic.ttf */; };
		F3DFEF12240F15940080DDC6 /* BackgroundGradient.swift in Sources */ = {isa = PBXBuildFile; fileRef = F3DFEF11240F15940080DDC6 /* BackgroundGradient.swift */; };
		F3DFEF14240F165D0080DDC6 /* FontResource+orDefault.swift in Sources */ = {isa = PBXBuildFile; fileRef = F3DFEF13240F165D0080DDC6 /* FontResource+orDefault.swift */; };
		F3DFEF16240F19F70080DDC6 /* TransitionLinkButton.swift in Sources */ = {isa = PBXBuildFile; fileRef = F3DFEF15240F19F70080DDC6 /* TransitionLinkButton.swift */; };
		F3DFEF18240F1A750080DDC6 /* LoginRegisterButton.swift in Sources */ = {isa = PBXBuildFile; fileRef = F3DFEF17240F1A750080DDC6 /* LoginRegisterButton.swift */; };
		FCB2C7CB1F57127800481080 /* Localizable.strings in Resources */ = {isa = PBXBuildFile; fileRef = FCB2C7CA1F57127800481080 /* Localizable.strings */; };
/* End PBXBuildFile section */

/* Begin PBXContainerItemProxy section */
		2A1E77481F384BFD006C84D4 /* PBXContainerItemProxy */ = {
			isa = PBXContainerItemProxy;
			containerPortal = 2A1E772B1F384BFC006C84D4 /* Project object */;
			proxyType = 1;
			remoteGlobalIDString = 2A1E77321F384BFC006C84D4;
			remoteInfo = Accev;
		};
/* End PBXContainerItemProxy section */

/* Begin PBXFileReference section */
		0A806329BFDECF04E03F9F21 /* Pods-AccevTests.release.xcconfig */ = {isa = PBXFileReference; includeInIndex = 1; lastKnownFileType = text.xcconfig; name = "Pods-AccevTests.release.xcconfig"; path = "Pods/Target Support Files/Pods-AccevTests/Pods-AccevTests.release.xcconfig"; sourceTree = "<group>"; };
		1A1BA3992D45AF1161F674AA /* Pods-Accev.release.xcconfig */ = {isa = PBXFileReference; includeInIndex = 1; lastKnownFileType = text.xcconfig; name = "Pods-Accev.release.xcconfig"; path = "Pods/Target Support Files/Pods-Accev/Pods-Accev.release.xcconfig"; sourceTree = "<group>"; };
		2A1DD4DE1F389C2200712195 /* DeeplinkHandler.swift */ = {isa = PBXFileReference; lastKnownFileType = sourcecode.swift; path = DeeplinkHandler.swift; sourceTree = "<group>"; };
		2A1DD4E01F389E2100712195 /* NotificationsHandler.swift */ = {isa = PBXFileReference; lastKnownFileType = sourcecode.swift; path = NotificationsHandler.swift; sourceTree = "<group>"; };
		2A1E77331F384BFC006C84D4 /* Accev.app */ = {isa = PBXFileReference; explicitFileType = wrapper.application; includeInIndex = 0; path = Accev.app; sourceTree = BUILT_PRODUCTS_DIR; };
		2A1E77361F384BFC006C84D4 /* AppDelegate.swift */ = {isa = PBXFileReference; lastKnownFileType = sourcecode.swift; path = AppDelegate.swift; sourceTree = "<group>"; };
		2A1E773D1F384BFD006C84D4 /* Assets.xcassets */ = {isa = PBXFileReference; lastKnownFileType = folder.assetcatalog; path = Assets.xcassets; sourceTree = "<group>"; };
		2A1E77421F384BFD006C84D4 /* Info.plist */ = {isa = PBXFileReference; lastKnownFileType = text.plist.xml; path = Info.plist; sourceTree = "<group>"; };
		2A1E77471F384BFD006C84D4 /* AccevTests.xctest */ = {isa = PBXFileReference; explicitFileType = wrapper.cfbundle; includeInIndex = 0; path = AccevTests.xctest; sourceTree = BUILT_PRODUCTS_DIR; };
		2A1E774D1F384BFD006C84D4 /* Info.plist */ = {isa = PBXFileReference; lastKnownFileType = text.plist.xml; path = Info.plist; sourceTree = "<group>"; };
		2A9222811F38797600A648E6 /* ConfigurationManager.swift */ = {isa = PBXFileReference; lastKnownFileType = sourcecode.swift; path = ConfigurationManager.swift; sourceTree = "<group>"; };
		2A9222841F387B1D00A648E6 /* AccevTests-Bridging-Header.h */ = {isa = PBXFileReference; lastKnownFileType = sourcecode.c.h; path = "AccevTests-Bridging-Header.h"; sourceTree = "<group>"; };
		2ABEE6D31F38828A00531205 /* Configuration.plist */ = {isa = PBXFileReference; lastKnownFileType = text.plist.xml; path = Configuration.plist; sourceTree = "<group>"; };
		2ABEE6D51F3886D700531205 /* RootRouter.swift */ = {isa = PBXFileReference; lastKnownFileType = sourcecode.swift; path = RootRouter.swift; sourceTree = "<group>"; };
		31D6977EED9407E908109CA9 /* Pods_Accev.framework */ = {isa = PBXFileReference; explicitFileType = wrapper.framework; includeInIndex = 0; path = Pods_Accev.framework; sourceTree = BUILT_PRODUCTS_DIR; };
		36E90B37F81AE7177CE725B6 /* Pods-AccevTests.debug.xcconfig */ = {isa = PBXFileReference; includeInIndex = 1; lastKnownFileType = text.xcconfig; name = "Pods-AccevTests.debug.xcconfig"; path = "Pods/Target Support Files/Pods-AccevTests/Pods-AccevTests.debug.xcconfig"; sourceTree = "<group>"; };
		553FC23B214047CB001D9362 /* R.generated.swift */ = {isa = PBXFileReference; lastKnownFileType = sourcecode.swift; path = R.generated.swift; sourceTree = "<group>"; };
		55F50BE321404BDD00FAC039 /* Readme.md */ = {isa = PBXFileReference; fileEncoding = 4; lastKnownFileType = net.daringfireball.markdown; path = Readme.md; sourceTree = "<group>"; };
		852CBD1164562073AC7B2A8E /* Pods_AccevTests.framework */ = {isa = PBXFileReference; explicitFileType = wrapper.framework; includeInIndex = 0; path = Pods_AccevTests.framework; sourceTree = BUILT_PRODUCTS_DIR; };
		AB8EFA48C4DA64C3F6F26467 /* Pods-Accev.debug.xcconfig */ = {isa = PBXFileReference; includeInIndex = 1; lastKnownFileType = text.xcconfig; name = "Pods-Accev.debug.xcconfig"; path = "Pods/Target Support Files/Pods-Accev/Pods-Accev.debug.xcconfig"; sourceTree = "<group>"; };
		C90395231FC622D2006F1DC0 /* main.swift */ = {isa = PBXFileReference; lastKnownFileType = sourcecode.swift; path = main.swift; sourceTree = "<group>"; };
		C90395251FC62399006F1DC0 /* TestsAppDelegate.swift */ = {isa = PBXFileReference; lastKnownFileType = sourcecode.swift; path = TestsAppDelegate.swift; sourceTree = "<group>"; };
		CF55446145D2A8E014032F3D /* Pods-Accev.staging.xcconfig */ = {isa = PBXFileReference; includeInIndex = 1; lastKnownFileType = text.xcconfig; name = "Pods-Accev.staging.xcconfig"; path = "Pods/Target Support Files/Pods-Accev/Pods-Accev.staging.xcconfig"; sourceTree = "<group>"; };
		E6C1AD8A847D3F80CFF1D722 /* Pods-AccevTests.staging.xcconfig */ = {isa = PBXFileReference; includeInIndex = 1; lastKnownFileType = text.xcconfig; name = "Pods-AccevTests.staging.xcconfig"; path = "Pods/Target Support Files/Pods-AccevTests/Pods-AccevTests.staging.xcconfig"; sourceTree = "<group>"; };
		F33D0561240DEB1F00F9D8E8 /* Colors.swift */ = {isa = PBXFileReference; lastKnownFileType = sourcecode.swift; path = Colors.swift; sourceTree = "<group>"; };
		F33D0563240DECDE00F9D8E8 /* UIColor+hex.swift */ = {isa = PBXFileReference; lastKnownFileType = sourcecode.swift; path = "UIColor+hex.swift"; sourceTree = "<group>"; };
		F3DFEEFB240F15100080DDC6 /* Lato-Light.ttf */ = {isa = PBXFileReference; lastKnownFileType = file; path = "Lato-Light.ttf"; sourceTree = "<group>"; };
		F3DFEEFC240F15110080DDC6 /* Lato-BoldItalic.ttf */ = {isa = PBXFileReference; lastKnownFileType = file; path = "Lato-BoldItalic.ttf"; sourceTree = "<group>"; };
		F3DFEEFD240F15110080DDC6 /* Lato-Black.ttf */ = {isa = PBXFileReference; lastKnownFileType = file; path = "Lato-Black.ttf"; sourceTree = "<group>"; };
		F3DFEEFE240F15110080DDC6 /* Lato-LightItalic.ttf */ = {isa = PBXFileReference; lastKnownFileType = file; path = "Lato-LightItalic.ttf"; sourceTree = "<group>"; };
		F3DFEEFF240F15110080DDC6 /* Lato-Italic.ttf */ = {isa = PBXFileReference; lastKnownFileType = file; path = "Lato-Italic.ttf"; sourceTree = "<group>"; };
		F3DFEF00240F15110080DDC6 /* Lato-Regular.ttf */ = {isa = PBXFileReference; lastKnownFileType = file; path = "Lato-Regular.ttf"; sourceTree = "<group>"; };
		F3DFEF01240F15110080DDC6 /* Lato-Thin.ttf */ = {isa = PBXFileReference; lastKnownFileType = file; path = "Lato-Thin.ttf"; sourceTree = "<group>"; };
		F3DFEF02240F15110080DDC6 /* Lato-Bold.ttf */ = {isa = PBXFileReference; lastKnownFileType = file; path = "Lato-Bold.ttf"; sourceTree = "<group>"; };
		F3DFEF03240F15110080DDC6 /* Lato-ThinItalic.ttf */ = {isa = PBXFileReference; lastKnownFileType = file; path = "Lato-ThinItalic.ttf"; sourceTree = "<group>"; };
		F3DFEF04240F15110080DDC6 /* Lato-BlackItalic.ttf */ = {isa = PBXFileReference; lastKnownFileType = file; path = "Lato-BlackItalic.ttf"; sourceTree = "<group>"; };
		F3DFEF11240F15940080DDC6 /* BackgroundGradient.swift */ = {isa = PBXFileReference; lastKnownFileType = sourcecode.swift; path = BackgroundGradient.swift; sourceTree = "<group>"; };
		F3DFEF13240F165D0080DDC6 /* FontResource+orDefault.swift */ = {isa = PBXFileReference; lastKnownFileType = sourcecode.swift; path = "FontResource+orDefault.swift"; sourceTree = "<group>"; };
		F3DFEF15240F19F70080DDC6 /* TransitionLinkButton.swift */ = {isa = PBXFileReference; lastKnownFileType = sourcecode.swift; path = TransitionLinkButton.swift; sourceTree = "<group>"; };
		F3DFEF17240F1A750080DDC6 /* LoginRegisterButton.swift */ = {isa = PBXFileReference; lastKnownFileType = sourcecode.swift; path = LoginRegisterButton.swift; sourceTree = "<group>"; };
		FCB2C7CA1F57127800481080 /* Localizable.strings */ = {isa = PBXFileReference; fileEncoding = 4; lastKnownFileType = text.plist.strings; path = Localizable.strings; sourceTree = "<group>"; };
/* End PBXFileReference section */

/* Begin PBXFrameworksBuildPhase section */
		2A1E77301F384BFC006C84D4 /* Frameworks */ = {
			isa = PBXFrameworksBuildPhase;
			buildActionMask = 2147483647;
			files = (
				5C29DE1D03EA04201E8A8E63 /* Pods_Accev.framework in Frameworks */,
			);
			runOnlyForDeploymentPostprocessing = 0;
		};
		2A1E77441F384BFD006C84D4 /* Frameworks */ = {
			isa = PBXFrameworksBuildPhase;
			buildActionMask = 2147483647;
			files = (
				B1AC7B178912D16E03E82237 /* Pods_AccevTests.framework in Frameworks */,
			);
			runOnlyForDeploymentPostprocessing = 0;
		};
/* End PBXFrameworksBuildPhase section */

/* Begin PBXGroup section */
		2A1E772A1F384BFC006C84D4 = {
			isa = PBXGroup;
			children = (
				55F50BE321404BDD00FAC039 /* Readme.md */,
				2A1E77351F384BFC006C84D4 /* Accev */,
				2A1E774A1F384BFD006C84D4 /* AccevTests */,
				2A1E77341F384BFC006C84D4 /* Products */,
				5E34C34CE92D78802DEDC8DA /* Pods */,
				B69B83176D3FC2117B878AE6 /* Frameworks */,
			);
			sourceTree = "<group>";
		};
		2A1E77341F384BFC006C84D4 /* Products */ = {
			isa = PBXGroup;
			children = (
				2A1E77331F384BFC006C84D4 /* Accev.app */,
				2A1E77471F384BFD006C84D4 /* AccevTests.xctest */,
			);
			name = Products;
			sourceTree = "<group>";
		};
		2A1E77351F384BFC006C84D4 /* Accev */ = {
			isa = PBXGroup;
			children = (
				C90395231FC622D2006F1DC0 /* main.swift */,
				2A1E77361F384BFC006C84D4 /* AppDelegate.swift */,
				2AFB31021F3853C6009C4586 /* Resources */,
				2AFB31071F38542E009C4586 /* SupportingFiles */,
				2AB31D9E1F38740A00B7D1F3 /* Models */,
				2AB31D9F1F38741400B7D1F3 /* Modules */,
				2AFB310A1F385A20009C4586 /* Helpers */,
			);
			path = Accev;
			sourceTree = "<group>";
		};
		2A1E774A1F384BFD006C84D4 /* AccevTests */ = {
			isa = PBXGroup;
			children = (
				2A9222841F387B1D00A648E6 /* AccevTests-Bridging-Header.h */,
				2A1E774D1F384BFD006C84D4 /* Info.plist */,
				C90395251FC62399006F1DC0 /* TestsAppDelegate.swift */,
			);
			path = AccevTests;
			sourceTree = "<group>";
		};
		2AB31D9E1F38740A00B7D1F3 /* Models */ = {
			isa = PBXGroup;
			children = (
			);
			path = Models;
			sourceTree = "<group>";
		};
		2AB31D9F1F38741400B7D1F3 /* Modules */ = {
			isa = PBXGroup;
			children = (
				F3DFEF10240F157B0080DDC6 /* Shared */,
				F3DFEF0F240F15710080DDC6 /* Login */,
			);
			path = Modules;
			sourceTree = "<group>";
		};
		2AB31DA01F38742400B7D1F3 /* Fonts */ = {
			isa = PBXGroup;
			children = (
				F3DFEEFD240F15110080DDC6 /* Lato-Black.ttf */,
				F3DFEF04240F15110080DDC6 /* Lato-BlackItalic.ttf */,
				F3DFEF02240F15110080DDC6 /* Lato-Bold.ttf */,
				F3DFEEFC240F15110080DDC6 /* Lato-BoldItalic.ttf */,
				F3DFEEFF240F15110080DDC6 /* Lato-Italic.ttf */,
				F3DFEEFB240F15100080DDC6 /* Lato-Light.ttf */,
				F3DFEEFE240F15110080DDC6 /* Lato-LightItalic.ttf */,
				F3DFEF00240F15110080DDC6 /* Lato-Regular.ttf */,
				F3DFEF01240F15110080DDC6 /* Lato-Thin.ttf */,
				F3DFEF03240F15110080DDC6 /* Lato-ThinItalic.ttf */,
			);
			path = Fonts;
			sourceTree = "<group>";
		};
		2AB31DA11F38742A00B7D1F3 /* Translations */ = {
			isa = PBXGroup;
			children = (
				FCB2C7CA1F57127800481080 /* Localizable.strings */,
			);
			path = Translations;
			sourceTree = "<group>";
		};
		2AB31DA21F38744600B7D1F3 /* Protocols */ = {
			isa = PBXGroup;
			children = (
			);
			path = Protocols;
			sourceTree = "<group>";
		};
		2AB31DA31F38744C00B7D1F3 /* Utilities */ = {
			isa = PBXGroup;
			children = (
				2ABEE6D51F3886D700531205 /* RootRouter.swift */,
				2A9222811F38797600A648E6 /* ConfigurationManager.swift */,
				2A1DD4DE1F389C2200712195 /* DeeplinkHandler.swift */,
				2A1DD4E01F389E2100712195 /* NotificationsHandler.swift */,
			);
			path = Utilities;
			sourceTree = "<group>";
		};
		2AB31DA41F38745300B7D1F3 /* Extensions */ = {
			isa = PBXGroup;
			children = (
				F33D0563240DECDE00F9D8E8 /* UIColor+hex.swift */,
				F3DFEF13240F165D0080DDC6 /* FontResource+orDefault.swift */,
			);
			path = Extensions;
			sourceTree = "<group>";
		};
		2AFB31021F3853C6009C4586 /* Resources */ = {
			isa = PBXGroup;
			children = (
				F33D0560240DEB1200F9D8E8 /* Colors */,
				553FC239214046D0001D9362 /* Generated */,
				2AB31DA11F38742A00B7D1F3 /* Translations */,
				2AB31DA01F38742400B7D1F3 /* Fonts */,
				2AFB31031F3853D9009C4586 /* Images */,
			);
			path = Resources;
			sourceTree = "<group>";
		};
		2AFB31031F3853D9009C4586 /* Images */ = {
			isa = PBXGroup;
			children = (
				2A1E773D1F384BFD006C84D4 /* Assets.xcassets */,
			);
			path = Images;
			sourceTree = "<group>";
		};
		2AFB31071F38542E009C4586 /* SupportingFiles */ = {
			isa = PBXGroup;
			children = (
				2ABEE6D31F38828A00531205 /* Configuration.plist */,
				2A1E77421F384BFD006C84D4 /* Info.plist */,
			);
			path = SupportingFiles;
			sourceTree = "<group>";
		};
		2AFB310A1F385A20009C4586 /* Helpers */ = {
			isa = PBXGroup;
			children = (
				2AB31DA21F38744600B7D1F3 /* Protocols */,
				2AB31DA41F38745300B7D1F3 /* Extensions */,
				2AB31DA31F38744C00B7D1F3 /* Utilities */,
			);
			path = Helpers;
			sourceTree = "<group>";
		};
		553FC239214046D0001D9362 /* Generated */ = {
			isa = PBXGroup;
			children = (
				553FC23B214047CB001D9362 /* R.generated.swift */,
			);
			path = Generated;
			sourceTree = "<group>";
		};
		5E34C34CE92D78802DEDC8DA /* Pods */ = {
			isa = PBXGroup;
			children = (
				AB8EFA48C4DA64C3F6F26467 /* Pods-Accev.debug.xcconfig */,
				CF55446145D2A8E014032F3D /* Pods-Accev.staging.xcconfig */,
				1A1BA3992D45AF1161F674AA /* Pods-Accev.release.xcconfig */,
				36E90B37F81AE7177CE725B6 /* Pods-AccevTests.debug.xcconfig */,
				E6C1AD8A847D3F80CFF1D722 /* Pods-AccevTests.staging.xcconfig */,
				0A806329BFDECF04E03F9F21 /* Pods-AccevTests.release.xcconfig */,
			);
			name = Pods;
			sourceTree = "<group>";
		};
		B69B83176D3FC2117B878AE6 /* Frameworks */ = {
			isa = PBXGroup;
			children = (
				31D6977EED9407E908109CA9 /* Pods_Accev.framework */,
				852CBD1164562073AC7B2A8E /* Pods_AccevTests.framework */,
			);
			name = Frameworks;
			sourceTree = "<group>";
		};
		F33D0560240DEB1200F9D8E8 /* Colors */ = {
			isa = PBXGroup;
			children = (
				F33D0561240DEB1F00F9D8E8 /* Colors.swift */,
			);
			path = Colors;
			sourceTree = "<group>";
		};
		F3DFEF0F240F15710080DDC6 /* Login */ = {
			isa = PBXGroup;
			children = (
				F3DFEF15240F19F70080DDC6 /* TransitionLinkButton.swift */,
				F3DFEF17240F1A750080DDC6 /* LoginRegisterButton.swift */,
			);
			path = Login;
			sourceTree = "<group>";
		};
		F3DFEF10240F157B0080DDC6 /* Shared */ = {
			isa = PBXGroup;
			children = (
				F3DFEF11240F15940080DDC6 /* BackgroundGradient.swift */,
			);
			path = Shared;
			sourceTree = "<group>";
		};
/* End PBXGroup section */

/* Begin PBXNativeTarget section */
		2A1E77321F384BFC006C84D4 /* Accev */ = {
			isa = PBXNativeTarget;
			buildConfigurationList = 2A1E77501F384BFD006C84D4 /* Build configuration list for PBXNativeTarget "Accev" */;
			buildPhases = (
				552FA429FC64A8E31E8256CC /* [CP] Check Pods Manifest.lock */,
				553FC23A2140470C001D9362 /* R.swift */,
				2A1E772F1F384BFC006C84D4 /* Sources */,
				FC9CA61F1F83C1B700B8EB94 /* SwiftLint */,
				2A1E77301F384BFC006C84D4 /* Frameworks */,
				2A1E77311F384BFC006C84D4 /* Resources */,
				CC579D253A03B3EDE7C1B668 /* [CP] Embed Pods Frameworks */,
			);
			buildRules = (
			);
			dependencies = (
			);
			name = Accev;
			productName = Accev;
			productReference = 2A1E77331F384BFC006C84D4 /* Accev.app */;
			productType = "com.apple.product-type.application";
		};
		2A1E77461F384BFD006C84D4 /* AccevTests */ = {
			isa = PBXNativeTarget;
			buildConfigurationList = 2A1E77531F384BFD006C84D4 /* Build configuration list for PBXNativeTarget "AccevTests" */;
			buildPhases = (
				98EFD11B068F4C3358293D51 /* [CP] Check Pods Manifest.lock */,
				2A1E77431F384BFD006C84D4 /* Sources */,
				2A1E77441F384BFD006C84D4 /* Frameworks */,
				2A1E77451F384BFD006C84D4 /* Resources */,
			);
			buildRules = (
			);
			dependencies = (
				2A1E77491F384BFD006C84D4 /* PBXTargetDependency */,
			);
			name = AccevTests;
			productName = AccevTests;
			productReference = 2A1E77471F384BFD006C84D4 /* AccevTests.xctest */;
			productType = "com.apple.product-type.bundle.unit-test";
		};
/* End PBXNativeTarget section */

/* Begin PBXProject section */
		2A1E772B1F384BFC006C84D4 /* Project object */ = {
			isa = PBXProject;
			attributes = {
				LastSwiftUpdateCheck = 0900;
				LastUpgradeCheck = 0900;
				ORGANIZATIONNAME = Accev;
				TargetAttributes = {
					2A1E77321F384BFC006C84D4 = {
						CreatedOnToolsVersion = 9.0;
					};
					2A1E77461F384BFD006C84D4 = {
						CreatedOnToolsVersion = 9.0;
						LastSwiftMigration = 0900;
						TestTargetID = 2A1E77321F384BFC006C84D4;
					};
				};
			};
			buildConfigurationList = 2A1E772E1F384BFC006C84D4 /* Build configuration list for PBXProject "Accev" */;
			compatibilityVersion = "Xcode 8.0";
			developmentRegion = en;
			hasScannedForEncodings = 0;
			knownRegions = (
				en,
				Base,
			);
			mainGroup = 2A1E772A1F384BFC006C84D4;
			productRefGroup = 2A1E77341F384BFC006C84D4 /* Products */;
			projectDirPath = "";
			projectRoot = "";
			targets = (
				2A1E77321F384BFC006C84D4 /* Accev */,
				2A1E77461F384BFD006C84D4 /* AccevTests */,
			);
		};
/* End PBXProject section */

/* Begin PBXResourcesBuildPhase section */
		2A1E77311F384BFC006C84D4 /* Resources */ = {
			isa = PBXResourcesBuildPhase;
			buildActionMask = 2147483647;
			files = (
				F3DFEF0C240F15110080DDC6 /* Lato-Bold.ttf in Resources */,
				F3DFEF0D240F15110080DDC6 /* Lato-ThinItalic.ttf in Resources */,
				2ABEE6D41F38856A00531205 /* Configuration.plist in Resources */,
				FCB2C7CB1F57127800481080 /* Localizable.strings in Resources */,
				2A1E773E1F384BFD006C84D4 /* Assets.xcassets in Resources */,
				F3DFEF0E240F15110080DDC6 /* Lato-BlackItalic.ttf in Resources */,
				F3DFEF05240F15110080DDC6 /* Lato-Light.ttf in Resources */,
				F3DFEF0A240F15110080DDC6 /* Lato-Regular.ttf in Resources */,
				F3DFEF07240F15110080DDC6 /* Lato-Black.ttf in Resources */,
				F3DFEF06240F15110080DDC6 /* Lato-BoldItalic.ttf in Resources */,
				F3DFEF0B240F15110080DDC6 /* Lato-Thin.ttf in Resources */,
				F3DFEF09240F15110080DDC6 /* Lato-Italic.ttf in Resources */,
				F3DFEF08240F15110080DDC6 /* Lato-LightItalic.ttf in Resources */,
			);
			runOnlyForDeploymentPostprocessing = 0;
		};
		2A1E77451F384BFD006C84D4 /* Resources */ = {
			isa = PBXResourcesBuildPhase;
			buildActionMask = 2147483647;
			files = (
			);
			runOnlyForDeploymentPostprocessing = 0;
		};
/* End PBXResourcesBuildPhase section */

/* Begin PBXShellScriptBuildPhase section */
		552FA429FC64A8E31E8256CC /* [CP] Check Pods Manifest.lock */ = {
			isa = PBXShellScriptBuildPhase;
			buildActionMask = 2147483647;
			files = (
			);
			inputFileListPaths = (
			);
			inputPaths = (
				"${PODS_PODFILE_DIR_PATH}/Podfile.lock",
				"${PODS_ROOT}/Manifest.lock",
			);
			name = "[CP] Check Pods Manifest.lock";
			outputFileListPaths = (
			);
			outputPaths = (
				"$(DERIVED_FILE_DIR)/Pods-Accev-checkManifestLockResult.txt",
			);
			runOnlyForDeploymentPostprocessing = 0;
			shellPath = /bin/sh;
			shellScript = "diff \"${PODS_PODFILE_DIR_PATH}/Podfile.lock\" \"${PODS_ROOT}/Manifest.lock\" > /dev/null\nif [ $? != 0 ] ; then\n    # print error to STDERR\n    echo \"error: The sandbox is not in sync with the Podfile.lock. Run 'pod install' or update your CocoaPods installation.\" >&2\n    exit 1\nfi\n# This output is used by Xcode 'outputs' to avoid re-running this script phase.\necho \"SUCCESS\" > \"${SCRIPT_OUTPUT_FILE_0}\"\n";
			showEnvVarsInLog = 0;
		};
		553FC23A2140470C001D9362 /* R.swift */ = {
			isa = PBXShellScriptBuildPhase;
			buildActionMask = 2147483647;
			files = (
			);
			inputPaths = (
				"$TEMP_DIR/rswift-lastrun",
			);
			name = R.swift;
			outputPaths = (
				$SRCROOT/Accev/Resources/Generated/R.generated.swift,
			);
			runOnlyForDeploymentPostprocessing = 0;
			shellPath = /bin/sh;
			shellScript = "\"$PODS_ROOT/R.swift/rswift\" generate \"$SRCROOT/Accev/Resources/Generated/R.generated.swift\"\n";
		};
		98EFD11B068F4C3358293D51 /* [CP] Check Pods Manifest.lock */ = {
			isa = PBXShellScriptBuildPhase;
			buildActionMask = 2147483647;
			files = (
			);
			inputFileListPaths = (
			);
			inputPaths = (
				"${PODS_PODFILE_DIR_PATH}/Podfile.lock",
				"${PODS_ROOT}/Manifest.lock",
			);
			name = "[CP] Check Pods Manifest.lock";
			outputFileListPaths = (
			);
			outputPaths = (
				"$(DERIVED_FILE_DIR)/Pods-AccevTests-checkManifestLockResult.txt",
			);
			runOnlyForDeploymentPostprocessing = 0;
			shellPath = /bin/sh;
			shellScript = "diff \"${PODS_PODFILE_DIR_PATH}/Podfile.lock\" \"${PODS_ROOT}/Manifest.lock\" > /dev/null\nif [ $? != 0 ] ; then\n    # print error to STDERR\n    echo \"error: The sandbox is not in sync with the Podfile.lock. Run 'pod install' or update your CocoaPods installation.\" >&2\n    exit 1\nfi\n# This output is used by Xcode 'outputs' to avoid re-running this script phase.\necho \"SUCCESS\" > \"${SCRIPT_OUTPUT_FILE_0}\"\n";
			showEnvVarsInLog = 0;
		};
		CC579D253A03B3EDE7C1B668 /* [CP] Embed Pods Frameworks */ = {
			isa = PBXShellScriptBuildPhase;
			buildActionMask = 2147483647;
			files = (
			);
			inputFileListPaths = (
			);
			inputPaths = (
				"${SRCROOT}/Pods/Target Support Files/Pods-Accev/Pods-Accev-frameworks.sh",
				"${BUILT_PRODUCTS_DIR}/R.swift.Library/Rswift.framework",
			);
			name = "[CP] Embed Pods Frameworks";
			outputFileListPaths = (
			);
			outputPaths = (
				"${TARGET_BUILD_DIR}/${FRAMEWORKS_FOLDER_PATH}/Rswift.framework",
			);
			runOnlyForDeploymentPostprocessing = 0;
			shellPath = /bin/sh;
			shellScript = "\"${SRCROOT}/Pods/Target Support Files/Pods-Accev/Pods-Accev-frameworks.sh\"\n";
			showEnvVarsInLog = 0;
		};
		FC9CA61F1F83C1B700B8EB94 /* SwiftLint */ = {
			isa = PBXShellScriptBuildPhase;
			buildActionMask = 2147483647;
			files = (
			);
			inputPaths = (
			);
			name = SwiftLint;
			outputPaths = (
			);
			runOnlyForDeploymentPostprocessing = 0;
			shellPath = /bin/sh;
			shellScript = "${PODS_ROOT}/SwiftLint/swiftlint";
		};
/* End PBXShellScriptBuildPhase section */

/* Begin PBXSourcesBuildPhase section */
		2A1E772F1F384BFC006C84D4 /* Sources */ = {
			isa = PBXSourcesBuildPhase;
			buildActionMask = 2147483647;
			files = (
				2A9222821F38797600A648E6 /* ConfigurationManager.swift in Sources */,
				F33D0562240DEB1F00F9D8E8 /* Colors.swift in Sources */,
				F3DFEF18240F1A750080DDC6 /* LoginRegisterButton.swift in Sources */,
				2ABEE6D61F3886D700531205 /* RootRouter.swift in Sources */,
				C90395241FC622D2006F1DC0 /* main.swift in Sources */,
				2A1E77371F384BFC006C84D4 /* AppDelegate.swift in Sources */,
				553FC23C214047CB001D9362 /* R.generated.swift in Sources */,
				C90395271FC62425006F1DC0 /* TestsAppDelegate.swift in Sources */,
				F33D0564240DECDE00F9D8E8 /* UIColor+hex.swift in Sources */,
				F3DFEF16240F19F70080DDC6 /* TransitionLinkButton.swift in Sources */,
				2A1DD4E11F389E2100712195 /* NotificationsHandler.swift in Sources */,
				2A1DD4DF1F389C2200712195 /* DeeplinkHandler.swift in Sources */,
				F3DFEF12240F15940080DDC6 /* BackgroundGradient.swift in Sources */,
				F3DFEF14240F165D0080DDC6 /* FontResource+orDefault.swift in Sources */,
			);
			runOnlyForDeploymentPostprocessing = 0;
		};
		2A1E77431F384BFD006C84D4 /* Sources */ = {
			isa = PBXSourcesBuildPhase;
			buildActionMask = 2147483647;
			files = (
				C90395261FC62399006F1DC0 /* TestsAppDelegate.swift in Sources */,
			);
			runOnlyForDeploymentPostprocessing = 0;
		};
/* End PBXSourcesBuildPhase section */

/* Begin PBXTargetDependency section */
		2A1E77491F384BFD006C84D4 /* PBXTargetDependency */ = {
			isa = PBXTargetDependency;
			target = 2A1E77321F384BFC006C84D4 /* Accev */;
			targetProxy = 2A1E77481F384BFD006C84D4 /* PBXContainerItemProxy */;
		};
/* End PBXTargetDependency section */

/* Begin XCBuildConfiguration section */
		2A1E774E1F384BFD006C84D4 /* Debug */ = {
			isa = XCBuildConfiguration;
			buildSettings = {
				ALWAYS_SEARCH_USER_PATHS = NO;
				CLANG_ANALYZER_NONNULL = YES;
				CLANG_ANALYZER_NUMBER_OBJECT_CONVERSION = YES_AGGRESSIVE;
				CLANG_CXX_LANGUAGE_STANDARD = "gnu++14";
				CLANG_CXX_LIBRARY = "libc++";
				CLANG_ENABLE_MODULES = YES;
				CLANG_ENABLE_OBJC_ARC = YES;
				CLANG_WARN_BLOCK_CAPTURE_AUTORELEASING = YES;
				CLANG_WARN_BOOL_CONVERSION = YES;
				CLANG_WARN_COMMA = YES;
				CLANG_WARN_CONSTANT_CONVERSION = YES;
				CLANG_WARN_DEPRECATED_OBJC_IMPLEMENTATIONS = YES;
				CLANG_WARN_DIRECT_OBJC_ISA_USAGE = YES_ERROR;
				CLANG_WARN_DOCUMENTATION_COMMENTS = YES;
				CLANG_WARN_EMPTY_BODY = YES;
				CLANG_WARN_ENUM_CONVERSION = YES;
				CLANG_WARN_INFINITE_RECURSION = YES;
				CLANG_WARN_INT_CONVERSION = YES;
				CLANG_WARN_NON_LITERAL_NULL_CONVERSION = YES;
				CLANG_WARN_OBJC_IMPLICIT_RETAIN_SELF = YES;
				CLANG_WARN_OBJC_LITERAL_CONVERSION = YES;
				CLANG_WARN_OBJC_ROOT_CLASS = YES_ERROR;
				CLANG_WARN_RANGE_LOOP_ANALYSIS = YES;
				CLANG_WARN_STRICT_PROTOTYPES = YES;
				CLANG_WARN_SUSPICIOUS_MOVE = YES;
				CLANG_WARN_UNGUARDED_AVAILABILITY = YES_AGGRESSIVE;
				CLANG_WARN_UNREACHABLE_CODE = YES;
				CLANG_WARN__DUPLICATE_METHOD_MATCH = YES;
				CODE_SIGN_IDENTITY = "iPhone Developer";
				COPY_PHASE_STRIP = NO;
				DEBUG_INFORMATION_FORMAT = dwarf;
				ENABLE_STRICT_OBJC_MSGSEND = YES;
				ENABLE_TESTABILITY = YES;
				GCC_C_LANGUAGE_STANDARD = gnu11;
				GCC_DYNAMIC_NO_PIC = NO;
				GCC_NO_COMMON_BLOCKS = YES;
				GCC_OPTIMIZATION_LEVEL = 0;
				GCC_PREPROCESSOR_DEFINITIONS = (
					"DEBUG=1",
					"$(inherited)",
				);
				GCC_WARN_64_TO_32_BIT_CONVERSION = YES;
				GCC_WARN_ABOUT_RETURN_TYPE = YES_ERROR;
				GCC_WARN_UNDECLARED_SELECTOR = YES;
				GCC_WARN_UNINITIALIZED_AUTOS = YES_AGGRESSIVE;
				GCC_WARN_UNUSED_FUNCTION = YES;
				GCC_WARN_UNUSED_VARIABLE = YES;
				IPHONEOS_DEPLOYMENT_TARGET = 11.0;
				MTL_ENABLE_DEBUG_INFO = YES;
				ONLY_ACTIVE_ARCH = YES;
				SDKROOT = iphoneos;
				SWIFT_ACTIVE_COMPILATION_CONDITIONS = DEBUG;
				SWIFT_OPTIMIZATION_LEVEL = "-Onone";
				SWIFT_VERSION = 5.0;
			};
			name = Debug;
		};
		2A1E774F1F384BFD006C84D4 /* Release */ = {
			isa = XCBuildConfiguration;
			buildSettings = {
				ALWAYS_SEARCH_USER_PATHS = NO;
				CLANG_ANALYZER_NONNULL = YES;
				CLANG_ANALYZER_NUMBER_OBJECT_CONVERSION = YES_AGGRESSIVE;
				CLANG_CXX_LANGUAGE_STANDARD = "gnu++14";
				CLANG_CXX_LIBRARY = "libc++";
				CLANG_ENABLE_MODULES = YES;
				CLANG_ENABLE_OBJC_ARC = YES;
				CLANG_WARN_BLOCK_CAPTURE_AUTORELEASING = YES;
				CLANG_WARN_BOOL_CONVERSION = YES;
				CLANG_WARN_COMMA = YES;
				CLANG_WARN_CONSTANT_CONVERSION = YES;
				CLANG_WARN_DEPRECATED_OBJC_IMPLEMENTATIONS = YES;
				CLANG_WARN_DIRECT_OBJC_ISA_USAGE = YES_ERROR;
				CLANG_WARN_DOCUMENTATION_COMMENTS = YES;
				CLANG_WARN_EMPTY_BODY = YES;
				CLANG_WARN_ENUM_CONVERSION = YES;
				CLANG_WARN_INFINITE_RECURSION = YES;
				CLANG_WARN_INT_CONVERSION = YES;
				CLANG_WARN_NON_LITERAL_NULL_CONVERSION = YES;
				CLANG_WARN_OBJC_IMPLICIT_RETAIN_SELF = YES;
				CLANG_WARN_OBJC_LITERAL_CONVERSION = YES;
				CLANG_WARN_OBJC_ROOT_CLASS = YES_ERROR;
				CLANG_WARN_RANGE_LOOP_ANALYSIS = YES;
				CLANG_WARN_STRICT_PROTOTYPES = YES;
				CLANG_WARN_SUSPICIOUS_MOVE = YES;
				CLANG_WARN_UNGUARDED_AVAILABILITY = YES_AGGRESSIVE;
				CLANG_WARN_UNREACHABLE_CODE = YES;
				CLANG_WARN__DUPLICATE_METHOD_MATCH = YES;
				CODE_SIGN_IDENTITY = "iPhone Developer";
				COPY_PHASE_STRIP = NO;
				DEBUG_INFORMATION_FORMAT = "dwarf-with-dsym";
				ENABLE_NS_ASSERTIONS = NO;
				ENABLE_STRICT_OBJC_MSGSEND = YES;
				GCC_C_LANGUAGE_STANDARD = gnu11;
				GCC_NO_COMMON_BLOCKS = YES;
				GCC_WARN_64_TO_32_BIT_CONVERSION = YES;
				GCC_WARN_ABOUT_RETURN_TYPE = YES_ERROR;
				GCC_WARN_UNDECLARED_SELECTOR = YES;
				GCC_WARN_UNINITIALIZED_AUTOS = YES_AGGRESSIVE;
				GCC_WARN_UNUSED_FUNCTION = YES;
				GCC_WARN_UNUSED_VARIABLE = YES;
				IPHONEOS_DEPLOYMENT_TARGET = 11.0;
				MTL_ENABLE_DEBUG_INFO = NO;
				SDKROOT = iphoneos;
				SWIFT_OPTIMIZATION_LEVEL = "-Owholemodule";
				SWIFT_VERSION = 5.0;
				VALIDATE_PRODUCT = YES;
			};
			name = Release;
		};
		2A1E77511F384BFD006C84D4 /* Debug */ = {
			isa = XCBuildConfiguration;
			baseConfigurationReference = AB8EFA48C4DA64C3F6F26467 /* Pods-Accev.debug.xcconfig */;
			buildSettings = {
				ASSETCATALOG_COMPILER_APPICON_NAME = AppIcon;
				INFOPLIST_FILE = Accev/SupportingFiles/Info.plist;
				IPHONEOS_DEPLOYMENT_TARGET = 10.0;
				LD_RUNPATH_SEARCH_PATHS = "$(inherited) @executable_path/Frameworks";
				OTHER_SWIFT_FLAGS = "$(inherited) -Xfrontend -warn-long-expression-type-checking=500";
				PRODUCT_BUNDLE_IDENTIFIER = your.bundle.id;
				PRODUCT_NAME = "$(TARGET_NAME)";
				SWIFT_VERSION = 5.0;
				TARGETED_DEVICE_FAMILY = "1,2";
			};
			name = Debug;
		};
		2A1E77521F384BFD006C84D4 /* Release */ = {
			isa = XCBuildConfiguration;
			baseConfigurationReference = 1A1BA3992D45AF1161F674AA /* Pods-Accev.release.xcconfig */;
			buildSettings = {
				ASSETCATALOG_COMPILER_APPICON_NAME = AppIcon;
				INFOPLIST_FILE = Accev/SupportingFiles/Info.plist;
				IPHONEOS_DEPLOYMENT_TARGET = 10.0;
				LD_RUNPATH_SEARCH_PATHS = "$(inherited) @executable_path/Frameworks";
				OTHER_SWIFT_FLAGS = "$(inherited)";
				PRODUCT_BUNDLE_IDENTIFIER = your.bundle.id;
				PRODUCT_NAME = "$(TARGET_NAME)";
				SWIFT_VERSION = 5.0;
				TARGETED_DEVICE_FAMILY = "1,2";
			};
			name = Release;
		};
		2A1E77541F384BFD006C84D4 /* Debug */ = {
			isa = XCBuildConfiguration;
			baseConfigurationReference = 36E90B37F81AE7177CE725B6 /* Pods-AccevTests.debug.xcconfig */;
			buildSettings = {
				ALWAYS_EMBED_SWIFT_STANDARD_LIBRARIES = YES;
				BUNDLE_LOADER = "$(TEST_HOST)";
				CLANG_ENABLE_MODULES = YES;
				INFOPLIST_FILE = AccevTests/Info.plist;
				LD_RUNPATH_SEARCH_PATHS = "$(inherited) @executable_path/Frameworks @loader_path/Frameworks";
				PRODUCT_BUNDLE_IDENTIFIER = "";
				PRODUCT_NAME = "$(TARGET_NAME)";
				SWIFT_OBJC_BRIDGING_HEADER = "AccevTests/AccevTests-Bridging-Header.h";
				SWIFT_OPTIMIZATION_LEVEL = "-Onone";
				SWIFT_VERSION = 5.0;
				TARGETED_DEVICE_FAMILY = "1,2";
				TEST_HOST = "$(BUILT_PRODUCTS_DIR)/Accev.app/Accev";
			};
			name = Debug;
		};
		2A1E77551F384BFD006C84D4 /* Release */ = {
			isa = XCBuildConfiguration;
			baseConfigurationReference = 0A806329BFDECF04E03F9F21 /* Pods-AccevTests.release.xcconfig */;
			buildSettings = {
				ALWAYS_EMBED_SWIFT_STANDARD_LIBRARIES = YES;
				BUNDLE_LOADER = "$(TEST_HOST)";
				CLANG_ENABLE_MODULES = YES;
				INFOPLIST_FILE = AccevTests/Info.plist;
				LD_RUNPATH_SEARCH_PATHS = "$(inherited) @executable_path/Frameworks @loader_path/Frameworks";
				PRODUCT_BUNDLE_IDENTIFIER = "";
				PRODUCT_NAME = "$(TARGET_NAME)";
				SWIFT_OBJC_BRIDGING_HEADER = "AccevTests/AccevTests-Bridging-Header.h";
				SWIFT_VERSION = 5.0;
				TARGETED_DEVICE_FAMILY = "1,2";
				TEST_HOST = "$(BUILT_PRODUCTS_DIR)/Accev.app/Accev";
			};
			name = Release;
		};
		2ABEE6CF1F387C5D00531205 /* Staging */ = {
			isa = XCBuildConfiguration;
			buildSettings = {
				ALWAYS_SEARCH_USER_PATHS = NO;
				CLANG_ANALYZER_NONNULL = YES;
				CLANG_ANALYZER_NUMBER_OBJECT_CONVERSION = YES_AGGRESSIVE;
				CLANG_CXX_LANGUAGE_STANDARD = "gnu++14";
				CLANG_CXX_LIBRARY = "libc++";
				CLANG_ENABLE_MODULES = YES;
				CLANG_ENABLE_OBJC_ARC = YES;
				CLANG_WARN_BLOCK_CAPTURE_AUTORELEASING = YES;
				CLANG_WARN_BOOL_CONVERSION = YES;
				CLANG_WARN_COMMA = YES;
				CLANG_WARN_CONSTANT_CONVERSION = YES;
				CLANG_WARN_DEPRECATED_OBJC_IMPLEMENTATIONS = YES;
				CLANG_WARN_DIRECT_OBJC_ISA_USAGE = YES_ERROR;
				CLANG_WARN_DOCUMENTATION_COMMENTS = YES;
				CLANG_WARN_EMPTY_BODY = YES;
				CLANG_WARN_ENUM_CONVERSION = YES;
				CLANG_WARN_INFINITE_RECURSION = YES;
				CLANG_WARN_INT_CONVERSION = YES;
				CLANG_WARN_NON_LITERAL_NULL_CONVERSION = YES;
				CLANG_WARN_OBJC_IMPLICIT_RETAIN_SELF = YES;
				CLANG_WARN_OBJC_LITERAL_CONVERSION = YES;
				CLANG_WARN_OBJC_ROOT_CLASS = YES_ERROR;
				CLANG_WARN_RANGE_LOOP_ANALYSIS = YES;
				CLANG_WARN_STRICT_PROTOTYPES = YES;
				CLANG_WARN_SUSPICIOUS_MOVE = YES;
				CLANG_WARN_UNGUARDED_AVAILABILITY = YES_AGGRESSIVE;
				CLANG_WARN_UNREACHABLE_CODE = YES;
				CLANG_WARN__DUPLICATE_METHOD_MATCH = YES;
				CODE_SIGN_IDENTITY = "iPhone Developer";
				COPY_PHASE_STRIP = NO;
				DEBUG_INFORMATION_FORMAT = dwarf;
				ENABLE_STRICT_OBJC_MSGSEND = YES;
				ENABLE_TESTABILITY = YES;
				GCC_C_LANGUAGE_STANDARD = gnu11;
				GCC_DYNAMIC_NO_PIC = NO;
				GCC_NO_COMMON_BLOCKS = YES;
				GCC_OPTIMIZATION_LEVEL = 0;
				GCC_PREPROCESSOR_DEFINITIONS = (
					"DEBUG=1",
					"$(inherited)",
				);
				GCC_WARN_64_TO_32_BIT_CONVERSION = YES;
				GCC_WARN_ABOUT_RETURN_TYPE = YES_ERROR;
				GCC_WARN_UNDECLARED_SELECTOR = YES;
				GCC_WARN_UNINITIALIZED_AUTOS = YES_AGGRESSIVE;
				GCC_WARN_UNUSED_FUNCTION = YES;
				GCC_WARN_UNUSED_VARIABLE = YES;
				IPHONEOS_DEPLOYMENT_TARGET = 11.0;
				MTL_ENABLE_DEBUG_INFO = YES;
				ONLY_ACTIVE_ARCH = YES;
				SDKROOT = iphoneos;
				SWIFT_ACTIVE_COMPILATION_CONDITIONS = DEBUG;
				SWIFT_OPTIMIZATION_LEVEL = "-Onone";
				SWIFT_VERSION = 5.0;
			};
			name = Staging;
		};
		2ABEE6D01F387C5D00531205 /* Staging */ = {
			isa = XCBuildConfiguration;
			baseConfigurationReference = CF55446145D2A8E014032F3D /* Pods-Accev.staging.xcconfig */;
			buildSettings = {
				ASSETCATALOG_COMPILER_APPICON_NAME = AppIcon;
				INFOPLIST_FILE = Accev/SupportingFiles/Info.plist;
				IPHONEOS_DEPLOYMENT_TARGET = 10.0;
				LD_RUNPATH_SEARCH_PATHS = "$(inherited) @executable_path/Frameworks";
				OTHER_SWIFT_FLAGS = "$(inherited)";
				PRODUCT_BUNDLE_IDENTIFIER = your.bundle.id;
				PRODUCT_NAME = "$(TARGET_NAME)";
				SWIFT_VERSION = 5.0;
				TARGETED_DEVICE_FAMILY = "1,2";
			};
			name = Staging;
		};
		2ABEE6D11F387C5D00531205 /* Staging */ = {
			isa = XCBuildConfiguration;
			baseConfigurationReference = E6C1AD8A847D3F80CFF1D722 /* Pods-AccevTests.staging.xcconfig */;
			buildSettings = {
				ALWAYS_EMBED_SWIFT_STANDARD_LIBRARIES = YES;
				BUNDLE_LOADER = "$(TEST_HOST)";
				CLANG_ENABLE_MODULES = YES;
				INFOPLIST_FILE = AccevTests/Info.plist;
				LD_RUNPATH_SEARCH_PATHS = "$(inherited) @executable_path/Frameworks @loader_path/Frameworks";
				PRODUCT_BUNDLE_IDENTIFIER = "";
				PRODUCT_NAME = "$(TARGET_NAME)";
				SWIFT_OBJC_BRIDGING_HEADER = "AccevTests/AccevTests-Bridging-Header.h";
				SWIFT_OPTIMIZATION_LEVEL = "-Onone";
				SWIFT_VERSION = 5.0;
				TARGETED_DEVICE_FAMILY = "1,2";
				TEST_HOST = "$(BUILT_PRODUCTS_DIR)/Accev.app/Accev";
			};
			name = Staging;
		};
/* End XCBuildConfiguration section */

/* Begin XCConfigurationList section */
		2A1E772E1F384BFC006C84D4 /* Build configuration list for PBXProject "Accev" */ = {
			isa = XCConfigurationList;
			buildConfigurations = (
				2A1E774E1F384BFD006C84D4 /* Debug */,
				2ABEE6CF1F387C5D00531205 /* Staging */,
				2A1E774F1F384BFD006C84D4 /* Release */,
			);
			defaultConfigurationIsVisible = 0;
			defaultConfigurationName = Release;
		};
		2A1E77501F384BFD006C84D4 /* Build configuration list for PBXNativeTarget "Accev" */ = {
			isa = XCConfigurationList;
			buildConfigurations = (
				2A1E77511F384BFD006C84D4 /* Debug */,
				2ABEE6D01F387C5D00531205 /* Staging */,
				2A1E77521F384BFD006C84D4 /* Release */,
			);
			defaultConfigurationIsVisible = 0;
			defaultConfigurationName = Release;
		};
		2A1E77531F384BFD006C84D4 /* Build configuration list for PBXNativeTarget "AccevTests" */ = {
			isa = XCConfigurationList;
			buildConfigurations = (
				2A1E77541F384BFD006C84D4 /* Debug */,
				2ABEE6D11F387C5D00531205 /* Staging */,
				2A1E77551F384BFD006C84D4 /* Release */,
			);
			defaultConfigurationIsVisible = 0;
			defaultConfigurationName = Release;
		};
/* End XCConfigurationList section */
	};
	rootObject = 2A1E772B1F384BFC006C84D4 /* Project object */;
}
